
Microsoft Visual Studio Solution File, Format Version 12.00
# Visual Studio Version 17
VisualStudioVersion = 17.2.32505.173
MinimumVisualStudioVersion = 10.0.40219.1
Project("{8BC9CEB8-8B4A-11D0-8D11-00A0C91BC942}") = "PointAndPrint", "PointAndPrint\PointAndPrint.vcxproj", "{DBF56F4F-58F2-4183-BEF4-1B03D0A5490E}"
EndProject
Global
	GlobalSection(SolutionConfigurationPlatforms) = preSolution
		Debug|x64 = Debug|x64
		Debug|x86 = Debug|x86
		Release|x64 = Release|x64
		Release|x86 = Release|x86
	EndGlobalSection
	GlobalSection(ProjectConfigurationPlatforms) = postSolution
		{DBF56F4F-58F2-4183-BEF4-1B03D0A5490E}.Debug|x64.ActiveCfg = Debug|x64
		{DBF56F4F-58F2-4183-BEF4-1B03D0A5490E}.Debug|x64.Build.0 = Debug|x64
		{DBF56F4F-58F2-4183-BEF4-1B03D0A5490E}.Debug|x86.ActiveCfg = Debug|Win32
		{DBF56F4F-58F2-4183-BEF4-1B03D0A5490E}.Debug|x86.Build.0 = Debug|Win32
		{DBF56F4F-58F2-4183-BEF4-1B03D0A5490E}.Release|x64.ActiveCfg = Release|x64
		{DBF56F4F-58F2-4183-BEF4-1B03D0A5490E}.Release|x64.Build.0 = Release|x64
		{DBF56F4F-58F2-4183-BEF4-1B03D0A5490E}.Release|x86.ActiveCfg = Release|Win32
		{DBF56F4F-58F2-4183-BEF4-1B03D0A5490E}.Release|x86.Build.0 = Release|Win32
	EndGlobalSection
	GlobalSection(SolutionProperties) = preSolution
		HideSolutionNode = FALSE
	EndGlobalSection
	GlobalSection(ExtensibilityGlobals) = postSolution
		SolutionGuid = {6AF04517-0DC7-48FE-B72C-12EC4633B46D}
	EndGlobalSection
EndGlobal
